// !$*UTF8*$!
{
	archiveVersion = 1;
	classes = {
	};
	objectVersion = 52;
	objects = {

/* Begin PBXBuildFile section */
		791BF6E52690983800D0438C /* ReadSettingView.swift in Sources */ = {isa = PBXBuildFile; fileRef = 791BF6E42690983800D0438C /* ReadSettingView.swift */; };
		791BF6E7269098AD00D0438C /* SwitchSettingView.swift in Sources */ = {isa = PBXBuildFile; fileRef = 791BF6E6269098AD00D0438C /* SwitchSettingView.swift */; };
		791BF6E9269098D200D0438C /* BrightnessSettingView.swift in Sources */ = {isa = PBXBuildFile; fileRef = 791BF6E8269098D200D0438C /* BrightnessSettingView.swift */; };
		791BF6EB2690990300D0438C /* ReadColorModel.swift in Sources */ = {isa = PBXBuildFile; fileRef = 791BF6EA2690990300D0438C /* ReadColorModel.swift */; };
		791BF6ED2690993900D0438C /* ReadColorCell.swift in Sources */ = {isa = PBXBuildFile; fileRef = 791BF6EC2690993900D0438C /* ReadColorCell.swift */; };
		791BF6EF2690996400D0438C /* ReadColorSettingView.swift in Sources */ = {isa = PBXBuildFile; fileRef = 791BF6EE2690996400D0438C /* ReadColorSettingView.swift */; };
		791BF6F126909A6600D0438C /* FontSettingView.swift in Sources */ = {isa = PBXBuildFile; fileRef = 791BF6F026909A6600D0438C /* FontSettingView.swift */; };
		791BF6F326909B0C00D0438C /* FontSelectView.swift in Sources */ = {isa = PBXBuildFile; fileRef = 791BF6F226909B0C00D0438C /* FontSelectView.swift */; };
		791BF6F526909B3500D0438C /* FontModel.swift in Sources */ = {isa = PBXBuildFile; fileRef = 791BF6F426909B3500D0438C /* FontModel.swift */; };
		791BF6F726909C0E00D0438C /* FontSelectCell.swift in Sources */ = {isa = PBXBuildFile; fileRef = 791BF6F626909C0E00D0438C /* FontSelectCell.swift */; };
		791BF6F926909C9200D0438C /* ArrowSettingView.swift in Sources */ = {isa = PBXBuildFile; fileRef = 791BF6F826909C9200D0438C /* ArrowSettingView.swift */; };
		791BF6FB26909D2F00D0438C /* ReadingRecordManager.swift in Sources */ = {isa = PBXBuildFile; fileRef = 791BF6FA26909D2F00D0438C /* ReadingRecordManager.swift */; };
		791BF6FD26909D5400D0438C /* ReadingRecordModel.swift in Sources */ = {isa = PBXBuildFile; fileRef = 791BF6FC26909D5400D0438C /* ReadingRecordModel.swift */; };
		791BF6FF26909DFA00D0438C /* ChapterListVC.swift in Sources */ = {isa = PBXBuildFile; fileRef = 791BF6FE26909DFA00D0438C /* ChapterListVC.swift */; };
		791BF70126909EAD00D0438C /* ChapterCell.swift in Sources */ = {isa = PBXBuildFile; fileRef = 791BF70026909EAD00D0438C /* ChapterCell.swift */; };
		791BF70326909F0800D0438C /* BookmarkCell.swift in Sources */ = {isa = PBXBuildFile; fileRef = 791BF70226909F0800D0438C /* BookmarkCell.swift */; };
		791BF70C2690AAD500D0438C /* ZipArchive in Frameworks */ = {isa = PBXBuildFile; productRef = 791BF70B2690AAD500D0438C /* ZipArchive */; };
		791BF70F2690AD1000D0438C /* DTCoreText in Frameworks */ = {isa = PBXBuildFile; productRef = 791BF70E2690AD1000D0438C /* DTCoreText */; };
		799F10EB26900F84000E759E /* AppDelegate.swift in Sources */ = {isa = PBXBuildFile; fileRef = 799F10EA26900F84000E759E /* AppDelegate.swift */; };
		799F10ED26900F84000E759E /* SceneDelegate.swift in Sources */ = {isa = PBXBuildFile; fileRef = 799F10EC26900F84000E759E /* SceneDelegate.swift */; };
		799F10F426900F85000E759E /* Assets.xcassets in Resources */ = {isa = PBXBuildFile; fileRef = 799F10F326900F85000E759E /* Assets.xcassets */; };
		799F10F726900F85000E759E /* LaunchScreen.storyboard in Resources */ = {isa = PBXBuildFile; fileRef = 799F10F526900F85000E759E /* LaunchScreen.storyboard */; };
		799F11002690102F000E759E /* SnapKit in Frameworks */ = {isa = PBXBuildFile; productRef = 799F10FF2690102F000E759E /* SnapKit */; };
		799F110626901232000E759E /* AEXML in Frameworks */ = {isa = PBXBuildFile; productRef = 799F110526901232000E759E /* AEXML */; };
		799F110F26901328000E759E /* BaseVC.swift in Sources */ = {isa = PBXBuildFile; fileRef = 799F110E26901328000E759E /* BaseVC.swift */; };
		799F1111269013B7000E759E /* UIImageExtension.swift in Sources */ = {isa = PBXBuildFile; fileRef = 799F1110269013B7000E759E /* UIImageExtension.swift */; };
		799F1113269013F6000E759E /* UIColorExtension.swift in Sources */ = {isa = PBXBuildFile; fileRef = 799F1112269013F6000E759E /* UIColorExtension.swift */; };
		799F1116269015FF000E759E /* CurrentReadingCell.swift in Sources */ = {isa = PBXBuildFile; fileRef = 799F1115269015FF000E759E /* CurrentReadingCell.swift */; };
		799F111926901672000E759E /* CurrentReadingModel.swift in Sources */ = {isa = PBXBuildFile; fileRef = 799F111826901672000E759E /* CurrentReadingModel.swift */; };
		799F111B2690176F000E759E /* Constant.swift in Sources */ = {isa = PBXBuildFile; fileRef = 799F111A2690176F000E759E /* Constant.swift */; };
		799F111D26901900000E759E /* UIViewExtension.swift in Sources */ = {isa = PBXBuildFile; fileRef = 799F111C26901900000E759E /* UIViewExtension.swift */; };
		799F111F26903A31000E759E /* ReadingTaskCell.swift in Sources */ = {isa = PBXBuildFile; fileRef = 799F111E26903A31000E759E /* ReadingTaskCell.swift */; };
		799F112226903A79000E759E /* ReadingTaskModel.swift in Sources */ = {isa = PBXBuildFile; fileRef = 799F112126903A79000E759E /* ReadingTaskModel.swift */; };
		799F112426903B3C000E759E /* KYCircularProgress.swift in Sources */ = {isa = PBXBuildFile; fileRef = 799F112326903B3C000E759E /* KYCircularProgress.swift */; };
		799F113226903B7F000E759E /* FRParseError.swift in Sources */ = {isa = PBXBuildFile; fileRef = 799F112626903B7F000E759E /* FRParseError.swift */; };
		799F113326903B7F000E759E /* FRSmilElement.swift in Sources */ = {isa = PBXBuildFile; fileRef = 799F112726903B7F000E759E /* FRSmilElement.swift */; };
		799F113426903B7F000E759E /* FRSpine.swift in Sources */ = {isa = PBXBuildFile; fileRef = 799F112826903B7F000E759E /* FRSpine.swift */; };
		799F113526903B7F000E759E /* FRMetadata.swift in Sources */ = {isa = PBXBuildFile; fileRef = 799F112926903B7F000E759E /* FRMetadata.swift */; };
		799F113626903B7F000E759E /* FRResource.swift in Sources */ = {isa = PBXBuildFile; fileRef = 799F112A26903B7F000E759E /* FRResource.swift */; };
		799F113726903B7F000E759E /* FREpubParser.swift in Sources */ = {isa = PBXBuildFile; fileRef = 799F112B26903B7F000E759E /* FREpubParser.swift */; };
		799F113826903B7F000E759E /* FRMediaType.swift in Sources */ = {isa = PBXBuildFile; fileRef = 799F112C26903B7F000E759E /* FRMediaType.swift */; };
		799F113926903B7F000E759E /* FRStringExtension.swift in Sources */ = {isa = PBXBuildFile; fileRef = 799F112D26903B7F000E759E /* FRStringExtension.swift */; };
		799F113A26903B7F000E759E /* FRBook.swift in Sources */ = {isa = PBXBuildFile; fileRef = 799F112E26903B7F000E759E /* FRBook.swift */; };
		799F113B26903B7F000E759E /* FRTocReference.swift in Sources */ = {isa = PBXBuildFile; fileRef = 799F112F26903B7F000E759E /* FRTocReference.swift */; };
		799F113C26903B7F000E759E /* FRResources.swift in Sources */ = {isa = PBXBuildFile; fileRef = 799F113026903B7F000E759E /* FRResources.swift */; };
		799F113D26903B7F000E759E /* FRSmils.swift in Sources */ = {isa = PBXBuildFile; fileRef = 799F113126903B7F000E759E /* FRSmils.swift */; };
		799F113F26903BC5000E759E /* HomeVC.swift in Sources */ = {isa = PBXBuildFile; fileRef = 799F113E26903BC5000E759E /* HomeVC.swift */; };
		799F114226903CD5000E759E /* MainTabbar.swift in Sources */ = {isa = PBXBuildFile; fileRef = 799F114126903CD5000E759E /* MainTabbar.swift */; };
		799F114426903DCC000E759E /* BookshelfVC.swift in Sources */ = {isa = PBXBuildFile; fileRef = 799F114326903DCC000E759E /* BookshelfVC.swift */; };
		799F114626903DD7000E759E /* ExploreVC.swift in Sources */ = {isa = PBXBuildFile; fileRef = 799F114526903DD7000E759E /* ExploreVC.swift */; };
		799F114926903FC2000E759E /* BookModel.swift in Sources */ = {isa = PBXBuildFile; fileRef = 799F114826903FC2000E759E /* BookModel.swift */; };
		799F114B26904096000E759E /* BookCell.swift in Sources */ = {isa = PBXBuildFile; fileRef = 799F114A26904096000E759E /* BookCell.swift */; };
		799F114D269041B0000E759E /* EmptyView.swift in Sources */ = {isa = PBXBuildFile; fileRef = 799F114C269041B0000E759E /* EmptyView.swift */; };
		799F114F269043C1000E759E /* NotificationExtension.swift in Sources */ = {isa = PBXBuildFile; fileRef = 799F114E269043C1000E759E /* NotificationExtension.swift */; };
		799F1152269044E2000E759E /* CustomActivity.swift in Sources */ = {isa = PBXBuildFile; fileRef = 799F1151269044E2000E759E /* CustomActivity.swift */; };
		799F11542690450A000E759E /* ActivityItemProvider.swift in Sources */ = {isa = PBXBuildFile; fileRef = 799F11532690450A000E759E /* ActivityItemProvider.swift */; };
		799F11562690461A000E759E /* UploadVC.swift in Sources */ = {isa = PBXBuildFile; fileRef = 799F11552690461A000E759E /* UploadVC.swift */; };
		799F1159269046CF000E759E /* BookshelfManager.swift in Sources */ = {isa = PBXBuildFile; fileRef = 799F1158269046CF000E759E /* BookshelfManager.swift */; };
		799F115B2690477E000E759E /* SystemFileManager.swift in Sources */ = {isa = PBXBuildFile; fileRef = 799F115A2690477E000E759E /* SystemFileManager.swift */; };
		799F115E269049CD000E759E /* FMDB in Frameworks */ = {isa = PBXBuildFile; productRef = 799F115D269049CD000E759E /* FMDB */; };
		799F1160269049F9000E759E /* DBManager.swift in Sources */ = {isa = PBXBuildFile; fileRef = 799F115F269049F9000E759E /* DBManager.swift */; };
		799F116326904B2F000E759E /* PKHUD in Frameworks */ = {isa = PBXBuildFile; productRef = 799F116226904B2F000E759E /* PKHUD */; };
		799F116626904C83000E759E /* Reachability in Frameworks */ = {isa = PBXBuildFile; productRef = 799F116526904C83000E759E /* Reachability */; };
		799F116826904CAB000E759E /* Network.swift in Sources */ = {isa = PBXBuildFile; fileRef = 799F116726904CAB000E759E /* Network.swift */; };
		799F116B26904F4A000E759E /* GCDWebServers in Frameworks */ = {isa = PBXBuildFile; productRef = 799F116A26904F4A000E759E /* GCDWebServers */; };
		799F116E26904FEA000E759E /* ReaderConfig.swift in Sources */ = {isa = PBXBuildFile; fileRef = 799F116D26904FEA000E759E /* ReaderConfig.swift */; };
		799F1171269051E1000E759E /* FontDownload.swift in Sources */ = {isa = PBXBuildFile; fileRef = 799F1170269051E1000E759E /* FontDownload.swift */; };
		799F117326905297000E759E /* StringExtension.swift in Sources */ = {isa = PBXBuildFile; fileRef = 799F117226905297000E759E /* StringExtension.swift */; };
		799F1176269052E0000E759E /* ReaderCenterVC.swift in Sources */ = {isa = PBXBuildFile; fileRef = 799F1175269052E0000E759E /* ReaderCenterVC.swift */; };
		799F117B269053B7000E759E /* CMPopTipView.m in Sources */ = {isa = PBXBuildFile; fileRef = 799F117A269053B7000E759E /* CMPopTipView.m */; };
		799F117D2690563D000E759E /* Book.swift in Sources */ = {isa = PBXBuildFile; fileRef = 799F117C2690563D000E759E /* Book.swift */; };
		799F117F269056AD000E759E /* BookChapter.swift in Sources */ = {isa = PBXBuildFile; fileRef = 799F117E269056AD000E759E /* BookChapter.swift */; };
		799F1181269056D7000E759E /* BookPage.swift in Sources */ = {isa = PBXBuildFile; fileRef = 799F1180269056D7000E759E /* BookPage.swift */; };
		799F118326905784000E759E /* BookmarkModel.swift in Sources */ = {isa = PBXBuildFile; fileRef = 799F118226905784000E759E /* BookmarkModel.swift */; };
		799F118B26905AB7000E759E /* ChapterTipView.swift in Sources */ = {isa = PBXBuildFile; fileRef = 799F118A26905AB7000E759E /* ChapterTipView.swift */; };
		799F118D26905B2A000E759E /* ReadBottomBar.swift in Sources */ = {isa = PBXBuildFile; fileRef = 799F118C26905B2A000E759E /* ReadBottomBar.swift */; };
		799F118F26905B3A000E759E /* ReadNavigationBar.swift in Sources */ = {isa = PBXBuildFile; fileRef = 799F118E26905B3A000E759E /* ReadNavigationBar.swift */; };
		799F119126905BB3000E759E /* UIControlExtension.swift in Sources */ = {isa = PBXBuildFile; fileRef = 799F119026905BB3000E759E /* UIControlExtension.swift */; };
		799F119326905CA5000E759E /* ReadNavigationContent.swift in Sources */ = {isa = PBXBuildFile; fileRef = 799F119226905CA5000E759E /* ReadNavigationContent.swift */; };
		799F119526905D0B000E759E /* BookmarkManager.swift in Sources */ = {isa = PBXBuildFile; fileRef = 799F119426905D0B000E759E /* BookmarkManager.swift */; };
		799F119726905DC1000E759E /* ReadPageViewController.swift in Sources */ = {isa = PBXBuildFile; fileRef = 799F119626905DC1000E759E /* ReadPageViewController.swift */; };
		799F119926905E7B000E759E /* PageBackVC.swift in Sources */ = {isa = PBXBuildFile; fileRef = 799F119826905E7B000E759E /* PageBackVC.swift */; };
/* End PBXBuildFile section */

/* Begin PBXFileReference section */
		791BF6E42690983800D0438C /* ReadSettingView.swift */ = {isa = PBXFileReference; lastKnownFileType = sourcecode.swift; path = ReadSettingView.swift; sourceTree = "<group>"; };
		791BF6E6269098AD00D0438C /* SwitchSettingView.swift */ = {isa = PBXFileReference; lastKnownFileType = sourcecode.swift; path = SwitchSettingView.swift; sourceTree = "<group>"; };
		791BF6E8269098D200D0438C /* BrightnessSettingView.swift */ = {isa = PBXFileReference; lastKnownFileType = sourcecode.swift; path = BrightnessSettingView.swift; sourceTree = "<group>"; };
		791BF6EA2690990300D0438C /* ReadColorModel.swift */ = {isa = PBXFileReference; lastKnownFileType = sourcecode.swift; path = ReadColorModel.swift; sourceTree = "<group>"; };
		791BF6EC2690993900D0438C /* ReadColorCell.swift */ = {isa = PBXFileReference; lastKnownFileType = sourcecode.swift; path = ReadColorCell.swift; sourceTree = "<group>"; };
		791BF6EE2690996400D0438C /* ReadColorSettingView.swift */ = {isa = PBXFileReference; lastKnownFileType = sourcecode.swift; path = ReadColorSettingView.swift; sourceTree = "<group>"; };
		791BF6F026909A6600D0438C /* FontSettingView.swift */ = {isa = PBXFileReference; lastKnownFileType = sourcecode.swift; path = FontSettingView.swift; sourceTree = "<group>"; };
		791BF6F226909B0C00D0438C /* FontSelectView.swift */ = {isa = PBXFileReference; lastKnownFileType = sourcecode.swift; path = FontSelectView.swift; sourceTree = "<group>"; };
		791BF6F426909B3500D0438C /* FontModel.swift */ = {isa = PBXFileReference; lastKnownFileType = sourcecode.swift; path = FontModel.swift; sourceTree = "<group>"; };
		791BF6F626909C0E00D0438C /* FontSelectCell.swift */ = {isa = PBXFileReference; lastKnownFileType = sourcecode.swift; path = FontSelectCell.swift; sourceTree = "<group>"; };
		791BF6F826909C9200D0438C /* ArrowSettingView.swift */ = {isa = PBXFileReference; lastKnownFileType = sourcecode.swift; path = ArrowSettingView.swift; sourceTree = "<group>"; };
		791BF6FA26909D2F00D0438C /* ReadingRecordManager.swift */ = {isa = PBXFileReference; lastKnownFileType = sourcecode.swift; path = ReadingRecordManager.swift; sourceTree = "<group>"; };
		791BF6FC26909D5400D0438C /* ReadingRecordModel.swift */ = {isa = PBXFileReference; lastKnownFileType = sourcecode.swift; path = ReadingRecordModel.swift; sourceTree = "<group>"; };
		791BF6FE26909DFA00D0438C /* ChapterListVC.swift */ = {isa = PBXFileReference; lastKnownFileType = sourcecode.swift; path = ChapterListVC.swift; sourceTree = "<group>"; };
		791BF70026909EAD00D0438C /* ChapterCell.swift */ = {isa = PBXFileReference; lastKnownFileType = sourcecode.swift; path = ChapterCell.swift; sourceTree = "<group>"; };
		791BF70226909F0800D0438C /* BookmarkCell.swift */ = {isa = PBXFileReference; lastKnownFileType = sourcecode.swift; path = BookmarkCell.swift; sourceTree = "<group>"; };
		799F10E726900F84000E759E /* Ebook-Reader.app */ = {isa = PBXFileReference; explicitFileType = wrapper.application; includeInIndex = 0; path = "Ebook-Reader.app"; sourceTree = BUILT_PRODUCTS_DIR; };
		799F10EA26900F84000E759E /* AppDelegate.swift */ = {isa = PBXFileReference; lastKnownFileType = sourcecode.swift; path = AppDelegate.swift; sourceTree = "<group>"; };
		799F10EC26900F84000E759E /* SceneDelegate.swift */ = {isa = PBXFileReference; lastKnownFileType = sourcecode.swift; path = SceneDelegate.swift; sourceTree = "<group>"; };
		799F10F326900F85000E759E /* Assets.xcassets */ = {isa = PBXFileReference; lastKnownFileType = folder.assetcatalog; path = Assets.xcassets; sourceTree = "<group>"; };
		799F10F626900F85000E759E /* Base */ = {isa = PBXFileReference; lastKnownFileType = file.storyboard; name = Base; path = Base.lproj/LaunchScreen.storyboard; sourceTree = "<group>"; };
		799F10F826900F85000E759E /* Info.plist */ = {isa = PBXFileReference; lastKnownFileType = text.plist.xml; path = Info.plist; sourceTree = "<group>"; };
		799F110E26901328000E759E /* BaseVC.swift */ = {isa = PBXFileReference; lastKnownFileType = sourcecode.swift; path = BaseVC.swift; sourceTree = "<group>"; };
		799F1110269013B7000E759E /* UIImageExtension.swift */ = {isa = PBXFileReference; lastKnownFileType = sourcecode.swift; path = UIImageExtension.swift; sourceTree = "<group>"; };
		799F1112269013F6000E759E /* UIColorExtension.swift */ = {isa = PBXFileReference; lastKnownFileType = sourcecode.swift; path = UIColorExtension.swift; sourceTree = "<group>"; };
		799F1115269015FF000E759E /* CurrentReadingCell.swift */ = {isa = PBXFileReference; lastKnownFileType = sourcecode.swift; path = CurrentReadingCell.swift; sourceTree = "<group>"; };
		799F111826901672000E759E /* CurrentReadingModel.swift */ = {isa = PBXFileReference; lastKnownFileType = sourcecode.swift; path = CurrentReadingModel.swift; sourceTree = "<group>"; };
		799F111A2690176F000E759E /* Constant.swift */ = {isa = PBXFileReference; lastKnownFileType = sourcecode.swift; path = Constant.swift; sourceTree = "<group>"; };
		799F111C26901900000E759E /* UIViewExtension.swift */ = {isa = PBXFileReference; lastKnownFileType = sourcecode.swift; path = UIViewExtension.swift; sourceTree = "<group>"; };
		799F111E26903A31000E759E /* ReadingTaskCell.swift */ = {isa = PBXFileReference; lastKnownFileType = sourcecode.swift; path = ReadingTaskCell.swift; sourceTree = "<group>"; };
		799F112126903A79000E759E /* ReadingTaskModel.swift */ = {isa = PBXFileReference; lastKnownFileType = sourcecode.swift; path = ReadingTaskModel.swift; sourceTree = "<group>"; };
		799F112326903B3C000E759E /* KYCircularProgress.swift */ = {isa = PBXFileReference; fileEncoding = 4; lastKnownFileType = sourcecode.swift; path = KYCircularProgress.swift; sourceTree = "<group>"; };
		799F112626903B7F000E759E /* FRParseError.swift */ = {isa = PBXFileReference; fileEncoding = 4; lastKnownFileType = sourcecode.swift; path = FRParseError.swift; sourceTree = "<group>"; };
		799F112726903B7F000E759E /* FRSmilElement.swift */ = {isa = PBXFileReference; fileEncoding = 4; lastKnownFileType = sourcecode.swift; path = FRSmilElement.swift; sourceTree = "<group>"; };
		799F112826903B7F000E759E /* FRSpine.swift */ = {isa = PBXFileReference; fileEncoding = 4; lastKnownFileType = sourcecode.swift; path = FRSpine.swift; sourceTree = "<group>"; };
		799F112926903B7F000E759E /* FRMetadata.swift */ = {isa = PBXFileReference; fileEncoding = 4; lastKnownFileType = sourcecode.swift; path = FRMetadata.swift; sourceTree = "<group>"; };
		799F112A26903B7F000E759E /* FRResource.swift */ = {isa = PBXFileReference; fileEncoding = 4; lastKnownFileType = sourcecode.swift; path = FRResource.swift; sourceTree = "<group>"; };
		799F112B26903B7F000E759E /* FREpubParser.swift */ = {isa = PBXFileReference; fileEncoding = 4; lastKnownFileType = sourcecode.swift; path = FREpubParser.swift; sourceTree = "<group>"; };
		799F112C26903B7F000E759E /* FRMediaType.swift */ = {isa = PBXFileReference; fileEncoding = 4; lastKnownFileType = sourcecode.swift; path = FRMediaType.swift; sourceTree = "<group>"; };
		799F112D26903B7F000E759E /* FRStringExtension.swift */ = {isa = PBXFileReference; fileEncoding = 4; lastKnownFileType = sourcecode.swift; path = FRStringExtension.swift; sourceTree = "<group>"; };
		799F112E26903B7F000E759E /* FRBook.swift */ = {isa = PBXFileReference; fileEncoding = 4; lastKnownFileType = sourcecode.swift; path = FRBook.swift; sourceTree = "<group>"; };
		799F112F26903B7F000E759E /* FRTocReference.swift */ = {isa = PBXFileReference; fileEncoding = 4; lastKnownFileType = sourcecode.swift; path = FRTocReference.swift; sourceTree = "<group>"; };
		799F113026903B7F000E759E /* FRResources.swift */ = {isa = PBXFileReference; fileEncoding = 4; lastKnownFileType = sourcecode.swift; path = FRResources.swift; sourceTree = "<group>"; };
		799F113126903B7F000E759E /* FRSmils.swift */ = {isa = PBXFileReference; fileEncoding = 4; lastKnownFileType = sourcecode.swift; path = FRSmils.swift; sourceTree = "<group>"; };
		799F113E26903BC5000E759E /* HomeVC.swift */ = {isa = PBXFileReference; lastKnownFileType = sourcecode.swift; path = HomeVC.swift; sourceTree = "<group>"; };
		799F114126903CD5000E759E /* MainTabbar.swift */ = {isa = PBXFileReference; lastKnownFileType = sourcecode.swift; path = MainTabbar.swift; sourceTree = "<group>"; };
		799F114326903DCC000E759E /* BookshelfVC.swift */ = {isa = PBXFileReference; lastKnownFileType = sourcecode.swift; path = BookshelfVC.swift; sourceTree = "<group>"; };
		799F114526903DD7000E759E /* ExploreVC.swift */ = {isa = PBXFileReference; lastKnownFileType = sourcecode.swift; path = ExploreVC.swift; sourceTree = "<group>"; };
		799F114826903FC2000E759E /* BookModel.swift */ = {isa = PBXFileReference; lastKnownFileType = sourcecode.swift; path = BookModel.swift; sourceTree = "<group>"; };
		799F114A26904096000E759E /* BookCell.swift */ = {isa = PBXFileReference; lastKnownFileType = sourcecode.swift; path = BookCell.swift; sourceTree = "<group>"; };
		799F114C269041B0000E759E /* EmptyView.swift */ = {isa = PBXFileReference; lastKnownFileType = sourcecode.swift; path = EmptyView.swift; sourceTree = "<group>"; };
		799F114E269043C1000E759E /* NotificationExtension.swift */ = {isa = PBXFileReference; lastKnownFileType = sourcecode.swift; path = NotificationExtension.swift; sourceTree = "<group>"; };
		799F1151269044E2000E759E /* CustomActivity.swift */ = {isa = PBXFileReference; lastKnownFileType = sourcecode.swift; path = CustomActivity.swift; sourceTree = "<group>"; };
		799F11532690450A000E759E /* ActivityItemProvider.swift */ = {isa = PBXFileReference; lastKnownFileType = sourcecode.swift; path = ActivityItemProvider.swift; sourceTree = "<group>"; };
		799F11552690461A000E759E /* UploadVC.swift */ = {isa = PBXFileReference; lastKnownFileType = sourcecode.swift; path = UploadVC.swift; sourceTree = "<group>"; };
		799F1158269046CF000E759E /* BookshelfManager.swift */ = {isa = PBXFileReference; lastKnownFileType = sourcecode.swift; path = BookshelfManager.swift; sourceTree = "<group>"; };
		799F115A2690477E000E759E /* SystemFileManager.swift */ = {isa = PBXFileReference; lastKnownFileType = sourcecode.swift; path = SystemFileManager.swift; sourceTree = "<group>"; };
		799F115F269049F9000E759E /* DBManager.swift */ = {isa = PBXFileReference; lastKnownFileType = sourcecode.swift; path = DBManager.swift; sourceTree = "<group>"; };
		799F116726904CAB000E759E /* Network.swift */ = {isa = PBXFileReference; lastKnownFileType = sourcecode.swift; path = Network.swift; sourceTree = "<group>"; };
		799F116D26904FEA000E759E /* ReaderConfig.swift */ = {isa = PBXFileReference; lastKnownFileType = sourcecode.swift; path = ReaderConfig.swift; sourceTree = "<group>"; };
		799F1170269051E1000E759E /* FontDownload.swift */ = {isa = PBXFileReference; lastKnownFileType = sourcecode.swift; path = FontDownload.swift; sourceTree = "<group>"; };
		799F117226905297000E759E /* StringExtension.swift */ = {isa = PBXFileReference; lastKnownFileType = sourcecode.swift; path = StringExtension.swift; sourceTree = "<group>"; };
		799F1175269052E0000E759E /* ReaderCenterVC.swift */ = {isa = PBXFileReference; lastKnownFileType = sourcecode.swift; path = ReaderCenterVC.swift; sourceTree = "<group>"; };
		799F1178269053B6000E759E /* Ebook-Reader-Bridging-Header.h */ = {isa = PBXFileReference; lastKnownFileType = sourcecode.c.h; path = "Ebook-Reader-Bridging-Header.h"; sourceTree = "<group>"; };
		799F1179269053B7000E759E /* CMPopTipView.h */ = {isa = PBXFileReference; fileEncoding = 4; lastKnownFileType = sourcecode.c.h; path = CMPopTipView.h; sourceTree = "<group>"; };
		799F117A269053B7000E759E /* CMPopTipView.m */ = {isa = PBXFileReference; fileEncoding = 4; lastKnownFileType = sourcecode.c.objc; path = CMPopTipView.m; sourceTree = "<group>"; };
		799F117C2690563D000E759E /* Book.swift */ = {isa = PBXFileReference; lastKnownFileType = sourcecode.swift; path = Book.swift; sourceTree = "<group>"; };
		799F117E269056AD000E759E /* BookChapter.swift */ = {isa = PBXFileReference; lastKnownFileType = sourcecode.swift; path = BookChapter.swift; sourceTree = "<group>"; };
		799F1180269056D7000E759E /* BookPage.swift */ = {isa = PBXFileReference; lastKnownFileType = sourcecode.swift; path = BookPage.swift; sourceTree = "<group>"; };
		799F118226905784000E759E /* BookmarkModel.swift */ = {isa = PBXFileReference; lastKnownFileType = sourcecode.swift; path = BookmarkModel.swift; sourceTree = "<group>"; };
		799F118A26905AB7000E759E /* ChapterTipView.swift */ = {isa = PBXFileReference; lastKnownFileType = sourcecode.swift; path = ChapterTipView.swift; sourceTree = "<group>"; };
		799F118C26905B2A000E759E /* ReadBottomBar.swift */ = {isa = PBXFileReference; lastKnownFileType = sourcecode.swift; path = ReadBottomBar.swift; sourceTree = "<group>"; };
		799F118E26905B3A000E759E /* ReadNavigationBar.swift */ = {isa = PBXFileReference; lastKnownFileType = sourcecode.swift; path = ReadNavigationBar.swift; sourceTree = "<group>"; };
		799F119026905BB3000E759E /* UIControlExtension.swift */ = {isa = PBXFileReference; lastKnownFileType = sourcecode.swift; path = UIControlExtension.swift; sourceTree = "<group>"; };
		799F119226905CA5000E759E /* ReadNavigationContent.swift */ = {isa = PBXFileReference; lastKnownFileType = sourcecode.swift; path = ReadNavigationContent.swift; sourceTree = "<group>"; };
		799F119426905D0B000E759E /* BookmarkManager.swift */ = {isa = PBXFileReference; lastKnownFileType = sourcecode.swift; path = BookmarkManager.swift; sourceTree = "<group>"; };
		799F119626905DC1000E759E /* ReadPageViewController.swift */ = {isa = PBXFileReference; lastKnownFileType = sourcecode.swift; path = ReadPageViewController.swift; sourceTree = "<group>"; };
		799F119826905E7B000E759E /* PageBackVC.swift */ = {isa = PBXFileReference; lastKnownFileType = sourcecode.swift; path = PageBackVC.swift; sourceTree = "<group>"; };
/* End PBXFileReference section */

/* Begin PBXFrameworksBuildPhase section */
		799F10E426900F84000E759E /* Frameworks */ = {
			isa = PBXFrameworksBuildPhase;
			buildActionMask = 2147483647;
			files = (
				791BF70F2690AD1000D0438C /* DTCoreText in Frameworks */,
				799F110626901232000E759E /* AEXML in Frameworks */,
				799F116626904C83000E759E /* Reachability in Frameworks */,
				799F116B26904F4A000E759E /* GCDWebServers in Frameworks */,
				799F115E269049CD000E759E /* FMDB in Frameworks */,
				799F11002690102F000E759E /* SnapKit in Frameworks */,
				791BF70C2690AAD500D0438C /* ZipArchive in Frameworks */,
				799F116326904B2F000E759E /* PKHUD in Frameworks */,
			);
			runOnlyForDeploymentPostprocessing = 0;
		};
/* End PBXFrameworksBuildPhase section */

/* Begin PBXGroup section */
		799F10DE26900F84000E759E = {
			isa = PBXGroup;
			children = (
				799F10E926900F84000E759E /* Ebook-Reader */,
				799F10E826900F84000E759E /* Products */,
			);
			sourceTree = "<group>";
		};
		799F10E826900F84000E759E /* Products */ = {
			isa = PBXGroup;
			children = (
				799F10E726900F84000E759E /* Ebook-Reader.app */,
			);
			name = Products;
			sourceTree = "<group>";
		};
		799F10E926900F84000E759E /* Ebook-Reader */ = {
			isa = PBXGroup;
			children = (
				799F110726901283000E759E /* Application */,
				799F1157269046BE000E759E /* Manager */,
				799F11172690165F000E759E /* Models */,
				799F1114269015E5000E759E /* Views */,
				799F110D26901301000E759E /* Services */,
				799F110C269012E4000E759E /* Common */,
				799F110B269012D5000E759E /* Utils */,
				799F110A269012CA000E759E /* Extensions */,
				799F110826901290000E759E /* Modules */,
				799F1109269012A8000E759E /* Resources */,
				799F10F526900F85000E759E /* LaunchScreen.storyboard */,
				799F10F826900F85000E759E /* Info.plist */,
			);
			path = "Ebook-Reader";
			sourceTree = "<group>";
		};
		799F110726901283000E759E /* Application */ = {
			isa = PBXGroup;
			children = (
				799F10EC26900F84000E759E /* SceneDelegate.swift */,
				799F10EA26900F84000E759E /* AppDelegate.swift */,
			);
			path = Application;
			sourceTree = "<group>";
		};
		799F110826901290000E759E /* Modules */ = {
			isa = PBXGroup;
			children = (
				799F114026903CC4000E759E /* MainTabbar */,
				799F113E26903BC5000E759E /* HomeVC.swift */,
				799F1175269052E0000E759E /* ReaderCenterVC.swift */,
				799F114326903DCC000E759E /* BookshelfVC.swift */,
				799F114526903DD7000E759E /* ExploreVC.swift */,
				799F110E26901328000E759E /* BaseVC.swift */,
				799F11552690461A000E759E /* UploadVC.swift */,
				799F119626905DC1000E759E /* ReadPageViewController.swift */,
				799F119826905E7B000E759E /* PageBackVC.swift */,
				791BF6FE26909DFA00D0438C /* ChapterListVC.swift */,
			);
			path = Modules;
			sourceTree = "<group>";
		};
		799F1109269012A8000E759E /* Resources */ = {
			isa = PBXGroup;
			children = (
				799F10F326900F85000E759E /* Assets.xcassets */,
			);
			path = Resources;
			sourceTree = "<group>";
		};
		799F110A269012CA000E759E /* Extensions */ = {
			isa = PBXGroup;
			children = (
				799F1110269013B7000E759E /* UIImageExtension.swift */,
				799F1112269013F6000E759E /* UIColorExtension.swift */,
				799F111C26901900000E759E /* UIViewExtension.swift */,
				799F114E269043C1000E759E /* NotificationExtension.swift */,
				799F117226905297000E759E /* StringExtension.swift */,
				799F119026905BB3000E759E /* UIControlExtension.swift */,
			);
			path = Extensions;
			sourceTree = "<group>";
		};
		799F110B269012D5000E759E /* Utils */ = {
			isa = PBXGroup;
			children = (
			);
			path = Utils;
			sourceTree = "<group>";
		};
		799F110C269012E4000E759E /* Common */ = {
			isa = PBXGroup;
			children = (
				799F1150269044CE000E759E /* CustomActivity */,
				799F111A2690176F000E759E /* Constant.swift */,
			);
			path = Common;
			sourceTree = "<group>";
		};
		799F110D26901301000E759E /* Services */ = {
			isa = PBXGroup;
			children = (
				799F116F269051CE000E759E /* FontDownload */,
				799F116C26904FD8000E759E /* Reader */,
				799F112526903B70000E759E /* Core */,
				799F116726904CAB000E759E /* Network.swift */,
			);
			path = Services;
			sourceTree = "<group>";
		};
		799F1114269015E5000E759E /* Views */ = {
			isa = PBXGroup;
			children = (
				799F11772690536F000E759E /* CMTopTipView */,
				799F112326903B3C000E759E /* KYCircularProgress.swift */,
				799F114C269041B0000E759E /* EmptyView.swift */,
				799F114726903FAE000E759E /* Bookshelf */,
				799F112026903A56000E759E /* Home */,
				799F118A26905AB7000E759E /* ChapterTipView.swift */,
				799F118C26905B2A000E759E /* ReadBottomBar.swift */,
				799F118E26905B3A000E759E /* ReadNavigationBar.swift */,
				799F119226905CA5000E759E /* ReadNavigationContent.swift */,
				791BF6E42690983800D0438C /* ReadSettingView.swift */,
				791BF6E6269098AD00D0438C /* SwitchSettingView.swift */,
				791BF6E8269098D200D0438C /* BrightnessSettingView.swift */,
				791BF6EC2690993900D0438C /* ReadColorCell.swift */,
				791BF6EE2690996400D0438C /* ReadColorSettingView.swift */,
				791BF6F026909A6600D0438C /* FontSettingView.swift */,
				791BF6F226909B0C00D0438C /* FontSelectView.swift */,
				791BF6F626909C0E00D0438C /* FontSelectCell.swift */,
				791BF6F826909C9200D0438C /* ArrowSettingView.swift */,
				791BF70026909EAD00D0438C /* ChapterCell.swift */,
				791BF70226909F0800D0438C /* BookmarkCell.swift */,
			);
			path = Views;
			sourceTree = "<group>";
		};
		799F11172690165F000E759E /* Models */ = {
			isa = PBXGroup;
			children = (
				799F111826901672000E759E /* CurrentReadingModel.swift */,
				799F112126903A79000E759E /* ReadingTaskModel.swift */,
				799F114826903FC2000E759E /* BookModel.swift */,
				799F118226905784000E759E /* BookmarkModel.swift */,
				791BF6EA2690990300D0438C /* ReadColorModel.swift */,
				791BF6F426909B3500D0438C /* FontModel.swift */,
				791BF6FC26909D5400D0438C /* ReadingRecordModel.swift */,
			);
			path = Models;
			sourceTree = "<group>";
		};
		799F112026903A56000E759E /* Home */ = {
			isa = PBXGroup;
			children = (
				799F1115269015FF000E759E /* CurrentReadingCell.swift */,
				799F111E26903A31000E759E /* ReadingTaskCell.swift */,
			);
			path = Home;
			sourceTree = "<group>";
		};
		799F112526903B70000E759E /* Core */ = {
			isa = PBXGroup;
			children = (
				799F112E26903B7F000E759E /* FRBook.swift */,
				799F112B26903B7F000E759E /* FREpubParser.swift */,
				799F112C26903B7F000E759E /* FRMediaType.swift */,
				799F112926903B7F000E759E /* FRMetadata.swift */,
				799F112626903B7F000E759E /* FRParseError.swift */,
				799F112A26903B7F000E759E /* FRResource.swift */,
				799F113026903B7F000E759E /* FRResources.swift */,
				799F112726903B7F000E759E /* FRSmilElement.swift */,
				799F113126903B7F000E759E /* FRSmils.swift */,
				799F112826903B7F000E759E /* FRSpine.swift */,
				799F112D26903B7F000E759E /* FRStringExtension.swift */,
				799F112F26903B7F000E759E /* FRTocReference.swift */,
			);
			path = Core;
			sourceTree = "<group>";
		};
		799F114026903CC4000E759E /* MainTabbar */ = {
			isa = PBXGroup;
			children = (
				799F114126903CD5000E759E /* MainTabbar.swift */,
			);
			path = MainTabbar;
			sourceTree = "<group>";
		};
		799F114726903FAE000E759E /* Bookshelf */ = {
			isa = PBXGroup;
			children = (
				799F114A26904096000E759E /* BookCell.swift */,
			);
			path = Bookshelf;
			sourceTree = "<group>";
		};
		799F1150269044CE000E759E /* CustomActivity */ = {
			isa = PBXGroup;
			children = (
				799F1151269044E2000E759E /* CustomActivity.swift */,
				799F11532690450A000E759E /* ActivityItemProvider.swift */,
			);
			path = CustomActivity;
			sourceTree = "<group>";
		};
		799F1157269046BE000E759E /* Manager */ = {
			isa = PBXGroup;
			children = (
				799F1158269046CF000E759E /* BookshelfManager.swift */,
				799F115A2690477E000E759E /* SystemFileManager.swift */,
				799F115F269049F9000E759E /* DBManager.swift */,
				799F119426905D0B000E759E /* BookmarkManager.swift */,
				791BF6FA26909D2F00D0438C /* ReadingRecordManager.swift */,
			);
			path = Manager;
			sourceTree = "<group>";
		};
		799F116C26904FD8000E759E /* Reader */ = {
			isa = PBXGroup;
			children = (
				799F116D26904FEA000E759E /* ReaderConfig.swift */,
				799F117C2690563D000E759E /* Book.swift */,
				799F117E269056AD000E759E /* BookChapter.swift */,
				799F1180269056D7000E759E /* BookPage.swift */,
			);
			path = Reader;
			sourceTree = "<group>";
		};
		799F116F269051CE000E759E /* FontDownload */ = {
			isa = PBXGroup;
			children = (
				799F1170269051E1000E759E /* FontDownload.swift */,
			);
			path = FontDownload;
			sourceTree = "<group>";
		};
		799F11772690536F000E759E /* CMTopTipView */ = {
			isa = PBXGroup;
			children = (
				799F1179269053B7000E759E /* CMPopTipView.h */,
				799F117A269053B7000E759E /* CMPopTipView.m */,
				799F1178269053B6000E759E /* Ebook-Reader-Bridging-Header.h */,
			);
			path = CMTopTipView;
			sourceTree = "<group>";
		};
/* End PBXGroup section */

/* Begin PBXNativeTarget section */
		799F10E626900F84000E759E /* Ebook-Reader */ = {
			isa = PBXNativeTarget;
			buildConfigurationList = 799F10FB26900F85000E759E /* Build configuration list for PBXNativeTarget "Ebook-Reader" */;
			buildPhases = (
				799F10E326900F84000E759E /* Sources */,
				799F10E426900F84000E759E /* Frameworks */,
				799F10E526900F84000E759E /* Resources */,
			);
			buildRules = (
			);
			dependencies = (
			);
			name = "Ebook-Reader";
			packageProductDependencies = (
				799F10FF2690102F000E759E /* SnapKit */,
				799F110526901232000E759E /* AEXML */,
				799F115D269049CD000E759E /* FMDB */,
				799F116226904B2F000E759E /* PKHUD */,
				799F116526904C83000E759E /* Reachability */,
				799F116A26904F4A000E759E /* GCDWebServers */,
				791BF70B2690AAD500D0438C /* ZipArchive */,
				791BF70E2690AD1000D0438C /* DTCoreText */,
			);
			productName = "Ebook-Reader";
			productReference = 799F10E726900F84000E759E /* Ebook-Reader.app */;
			productType = "com.apple.product-type.application";
		};
/* End PBXNativeTarget section */

/* Begin PBXProject section */
		799F10DF26900F84000E759E /* Project object */ = {
			isa = PBXProject;
			attributes = {
				LastSwiftUpdateCheck = 1250;
				LastUpgradeCheck = 1250;
				TargetAttributes = {
					799F10E626900F84000E759E = {
						CreatedOnToolsVersion = 12.5;
						LastSwiftMigration = 1250;
					};
				};
			};
			buildConfigurationList = 799F10E226900F84000E759E /* Build configuration list for PBXProject "Ebook-Reader" */;
			compatibilityVersion = "Xcode 9.3";
			developmentRegion = en;
			hasScannedForEncodings = 0;
			knownRegions = (
				en,
				Base,
			);
			mainGroup = 799F10DE26900F84000E759E;
			packageReferences = (
				799F10FE2690102F000E759E /* XCRemoteSwiftPackageReference "SnapKit" */,
				799F110426901232000E759E /* XCRemoteSwiftPackageReference "AEXML" */,
				799F115C269049CD000E759E /* XCRemoteSwiftPackageReference "fmdb" */,
				799F116126904B2F000E759E /* XCRemoteSwiftPackageReference "PKHUD" */,
				799F116426904C83000E759E /* XCRemoteSwiftPackageReference "Reachability" */,
				799F116926904F4A000E759E /* XCRemoteSwiftPackageReference "GCDWebServer" */,
				791BF70A2690AAD500D0438C /* XCRemoteSwiftPackageReference "ZipArchive" */,
				791BF70D2690AD1000D0438C /* XCRemoteSwiftPackageReference "DTCoreText" */,
			);
			productRefGroup = 799F10E826900F84000E759E /* Products */;
			projectDirPath = "";
			projectRoot = "";
			targets = (
				799F10E626900F84000E759E /* Ebook-Reader */,
			);
		};
/* End PBXProject section */

/* Begin PBXResourcesBuildPhase section */
		799F10E526900F84000E759E /* Resources */ = {
			isa = PBXResourcesBuildPhase;
			buildActionMask = 2147483647;
			files = (
				799F10F726900F85000E759E /* LaunchScreen.storyboard in Resources */,
				799F10F426900F85000E759E /* Assets.xcassets in Resources */,
			);
			runOnlyForDeploymentPostprocessing = 0;
		};
/* End PBXResourcesBuildPhase section */

/* Begin PBXSourcesBuildPhase section */
		799F10E326900F84000E759E /* Sources */ = {
			isa = PBXSourcesBuildPhase;
			buildActionMask = 2147483647;
			files = (
				799F10EB26900F84000E759E /* AppDelegate.swift in Sources */,
				791BF6FB26909D2F00D0438C /* ReadingRecordManager.swift in Sources */,
				791BF6F326909B0C00D0438C /* FontSelectView.swift in Sources */,
				799F110F26901328000E759E /* BaseVC.swift in Sources */,
				799F118D26905B2A000E759E /* ReadBottomBar.swift in Sources */,
				799F1181269056D7000E759E /* BookPage.swift in Sources */,
				799F113426903B7F000E759E /* FRSpine.swift in Sources */,
				799F1116269015FF000E759E /* CurrentReadingCell.swift in Sources */,
				799F118326905784000E759E /* BookmarkModel.swift in Sources */,
				791BF6E7269098AD00D0438C /* SwitchSettingView.swift in Sources */,
				799F113526903B7F000E759E /* FRMetadata.swift in Sources */,
				799F113326903B7F000E759E /* FRSmilElement.swift in Sources */,
				799F116E26904FEA000E759E /* ReaderConfig.swift in Sources */,
				799F113926903B7F000E759E /* FRStringExtension.swift in Sources */,
				799F117B269053B7000E759E /* CMPopTipView.m in Sources */,
				799F117326905297000E759E /* StringExtension.swift in Sources */,
				791BF6F526909B3500D0438C /* FontModel.swift in Sources */,
				799F111B2690176F000E759E /* Constant.swift in Sources */,
				799F114226903CD5000E759E /* MainTabbar.swift in Sources */,
				799F113826903B7F000E759E /* FRMediaType.swift in Sources */,
				799F114626903DD7000E759E /* ExploreVC.swift in Sources */,
				791BF6E9269098D200D0438C /* BrightnessSettingView.swift in Sources */,
				799F112226903A79000E759E /* ReadingTaskModel.swift in Sources */,
				799F11542690450A000E759E /* ActivityItemProvider.swift in Sources */,
				799F11562690461A000E759E /* UploadVC.swift in Sources */,
				799F113626903B7F000E759E /* FRResource.swift in Sources */,
				799F111926901672000E759E /* CurrentReadingModel.swift in Sources */,
				799F114426903DCC000E759E /* BookshelfVC.swift in Sources */,
				799F119526905D0B000E759E /* BookmarkManager.swift in Sources */,
				799F117F269056AD000E759E /* BookChapter.swift in Sources */,
				799F1160269049F9000E759E /* DBManager.swift in Sources */,
				799F113B26903B7F000E759E /* FRTocReference.swift in Sources */,
				791BF6F926909C9200D0438C /* ArrowSettingView.swift in Sources */,
				791BF6FD26909D5400D0438C /* ReadingRecordModel.swift in Sources */,
				799F119326905CA5000E759E /* ReadNavigationContent.swift in Sources */,
				791BF70326909F0800D0438C /* BookmarkCell.swift in Sources */,
				799F119726905DC1000E759E /* ReadPageViewController.swift in Sources */,
				791BF6EB2690990300D0438C /* ReadColorModel.swift in Sources */,
				791BF6ED2690993900D0438C /* ReadColorCell.swift in Sources */,
				799F1113269013F6000E759E /* UIColorExtension.swift in Sources */,
				799F117D2690563D000E759E /* Book.swift in Sources */,
				799F115B2690477E000E759E /* SystemFileManager.swift in Sources */,
				791BF70126909EAD00D0438C /* ChapterCell.swift in Sources */,
				799F113C26903B7F000E759E /* FRResources.swift in Sources */,
				799F1176269052E0000E759E /* ReaderCenterVC.swift in Sources */,
				791BF6E52690983800D0438C /* ReadSettingView.swift in Sources */,
				799F119126905BB3000E759E /* UIControlExtension.swift in Sources */,
				799F113A26903B7F000E759E /* FRBook.swift in Sources */,
				799F113D26903B7F000E759E /* FRSmils.swift in Sources */,
				799F111D26901900000E759E /* UIViewExtension.swift in Sources */,
				799F1152269044E2000E759E /* CustomActivity.swift in Sources */,
				799F116826904CAB000E759E /* Network.swift in Sources */,
				799F10ED26900F84000E759E /* SceneDelegate.swift in Sources */,
				791BF6F726909C0E00D0438C /* FontSelectCell.swift in Sources */,
				799F1159269046CF000E759E /* BookshelfManager.swift in Sources */,
				799F119926905E7B000E759E /* PageBackVC.swift in Sources */,
				799F112426903B3C000E759E /* KYCircularProgress.swift in Sources */,
				799F1171269051E1000E759E /* FontDownload.swift in Sources */,
				799F1111269013B7000E759E /* UIImageExtension.swift in Sources */,
				791BF6F126909A6600D0438C /* FontSettingView.swift in Sources */,
				791BF6EF2690996400D0438C /* ReadColorSettingView.swift in Sources */,
				799F114B26904096000E759E /* BookCell.swift in Sources */,
				799F113F26903BC5000E759E /* HomeVC.swift in Sources */,
				799F114F269043C1000E759E /* NotificationExtension.swift in Sources */,
				799F111F26903A31000E759E /* ReadingTaskCell.swift in Sources */,
				799F113726903B7F000E759E /* FREpubParser.swift in Sources */,
				791BF6FF26909DFA00D0438C /* ChapterListVC.swift in Sources */,
				799F114D269041B0000E759E /* EmptyView.swift in Sources */,
				799F113226903B7F000E759E /* FRParseError.swift in Sources */,
				799F118B26905AB7000E759E /* ChapterTipView.swift in Sources */,
				799F114926903FC2000E759E /* BookModel.swift in Sources */,
				799F118F26905B3A000E759E /* ReadNavigationBar.swift in Sources */,
			);
			runOnlyForDeploymentPostprocessing = 0;
		};
/* End PBXSourcesBuildPhase section */

/* Begin PBXVariantGroup section */
		799F10F526900F85000E759E /* LaunchScreen.storyboard */ = {
			isa = PBXVariantGroup;
			children = (
				799F10F626900F85000E759E /* Base */,
			);
			name = LaunchScreen.storyboard;
			sourceTree = "<group>";
		};
/* End PBXVariantGroup section */

/* Begin XCBuildConfiguration section */
		799F10F926900F85000E759E /* Debug */ = {
			isa = XCBuildConfiguration;
			buildSettings = {
				ALWAYS_SEARCH_USER_PATHS = NO;
				CLANG_ANALYZER_NONNULL = YES;
				CLANG_ANALYZER_NUMBER_OBJECT_CONVERSION = YES_AGGRESSIVE;
				CLANG_CXX_LANGUAGE_STANDARD = "gnu++14";
				CLANG_CXX_LIBRARY = "libc++";
				CLANG_ENABLE_MODULES = YES;
				CLANG_ENABLE_OBJC_ARC = YES;
				CLANG_ENABLE_OBJC_WEAK = YES;
				CLANG_WARN_BLOCK_CAPTURE_AUTORELEASING = YES;
				CLANG_WARN_BOOL_CONVERSION = YES;
				CLANG_WARN_COMMA = YES;
				CLANG_WARN_CONSTANT_CONVERSION = YES;
				CLANG_WARN_DEPRECATED_OBJC_IMPLEMENTATIONS = YES;
				CLANG_WARN_DIRECT_OBJC_ISA_USAGE = YES_ERROR;
				CLANG_WARN_DOCUMENTATION_COMMENTS = YES;
				CLANG_WARN_EMPTY_BODY = YES;
				CLANG_WARN_ENUM_CONVERSION = YES;
				CLANG_WARN_INFINITE_RECURSION = YES;
				CLANG_WARN_INT_CONVERSION = YES;
				CLANG_WARN_NON_LITERAL_NULL_CONVERSION = YES;
				CLANG_WARN_OBJC_IMPLICIT_RETAIN_SELF = YES;
				CLANG_WARN_OBJC_LITERAL_CONVERSION = YES;
				CLANG_WARN_OBJC_ROOT_CLASS = YES_ERROR;
				CLANG_WARN_QUOTED_INCLUDE_IN_FRAMEWORK_HEADER = YES;
				CLANG_WARN_RANGE_LOOP_ANALYSIS = YES;
				CLANG_WARN_STRICT_PROTOTYPES = YES;
				CLANG_WARN_SUSPICIOUS_MOVE = YES;
				CLANG_WARN_UNGUARDED_AVAILABILITY = YES_AGGRESSIVE;
				CLANG_WARN_UNREACHABLE_CODE = YES;
				CLANG_WARN__DUPLICATE_METHOD_MATCH = YES;
				COPY_PHASE_STRIP = NO;
				DEBUG_INFORMATION_FORMAT = dwarf;
				ENABLE_STRICT_OBJC_MSGSEND = YES;
				ENABLE_TESTABILITY = YES;
				GCC_C_LANGUAGE_STANDARD = gnu11;
				GCC_DYNAMIC_NO_PIC = NO;
				GCC_NO_COMMON_BLOCKS = YES;
				GCC_OPTIMIZATION_LEVEL = 0;
				GCC_PREPROCESSOR_DEFINITIONS = (
					"DEBUG=1",
					"$(inherited)",
				);
				GCC_WARN_64_TO_32_BIT_CONVERSION = YES;
				GCC_WARN_ABOUT_RETURN_TYPE = YES_ERROR;
				GCC_WARN_UNDECLARED_SELECTOR = YES;
				GCC_WARN_UNINITIALIZED_AUTOS = YES_AGGRESSIVE;
				GCC_WARN_UNUSED_FUNCTION = YES;
				GCC_WARN_UNUSED_VARIABLE = YES;
				IPHONEOS_DEPLOYMENT_TARGET = 13.0;
				MTL_ENABLE_DEBUG_INFO = INCLUDE_SOURCE;
				MTL_FAST_MATH = YES;
				ONLY_ACTIVE_ARCH = YES;
				SDKROOT = iphoneos;
				SWIFT_ACTIVE_COMPILATION_CONDITIONS = DEBUG;
				SWIFT_OPTIMIZATION_LEVEL = "-Onone";
				SWIFT_VERSION = 5.0;
			};
			name = Debug;
		};
		799F10FA26900F85000E759E /* Release */ = {
			isa = XCBuildConfiguration;
			buildSettings = {
				ALWAYS_SEARCH_USER_PATHS = NO;
				CLANG_ANALYZER_NONNULL = YES;
				CLANG_ANALYZER_NUMBER_OBJECT_CONVERSION = YES_AGGRESSIVE;
				CLANG_CXX_LANGUAGE_STANDARD = "gnu++14";
				CLANG_CXX_LIBRARY = "libc++";
				CLANG_ENABLE_MODULES = YES;
				CLANG_ENABLE_OBJC_ARC = YES;
				CLANG_ENABLE_OBJC_WEAK = YES;
				CLANG_WARN_BLOCK_CAPTURE_AUTORELEASING = YES;
				CLANG_WARN_BOOL_CONVERSION = YES;
				CLANG_WARN_COMMA = YES;
				CLANG_WARN_CONSTANT_CONVERSION = YES;
				CLANG_WARN_DEPRECATED_OBJC_IMPLEMENTATIONS = YES;
				CLANG_WARN_DIRECT_OBJC_ISA_USAGE = YES_ERROR;
				CLANG_WARN_DOCUMENTATION_COMMENTS = YES;
				CLANG_WARN_EMPTY_BODY = YES;
				CLANG_WARN_ENUM_CONVERSION = YES;
				CLANG_WARN_INFINITE_RECURSION = YES;
				CLANG_WARN_INT_CONVERSION = YES;
				CLANG_WARN_NON_LITERAL_NULL_CONVERSION = YES;
				CLANG_WARN_OBJC_IMPLICIT_RETAIN_SELF = YES;
				CLANG_WARN_OBJC_LITERAL_CONVERSION = YES;
				CLANG_WARN_OBJC_ROOT_CLASS = YES_ERROR;
				CLANG_WARN_QUOTED_INCLUDE_IN_FRAMEWORK_HEADER = YES;
				CLANG_WARN_RANGE_LOOP_ANALYSIS = YES;
				CLANG_WARN_STRICT_PROTOTYPES = YES;
				CLANG_WARN_SUSPICIOUS_MOVE = YES;
				CLANG_WARN_UNGUARDED_AVAILABILITY = YES_AGGRESSIVE;
				CLANG_WARN_UNREACHABLE_CODE = YES;
				CLANG_WARN__DUPLICATE_METHOD_MATCH = YES;
				COPY_PHASE_STRIP = NO;
				DEBUG_INFORMATION_FORMAT = "dwarf-with-dsym";
				ENABLE_NS_ASSERTIONS = NO;
				ENABLE_STRICT_OBJC_MSGSEND = YES;
				GCC_C_LANGUAGE_STANDARD = gnu11;
				GCC_NO_COMMON_BLOCKS = YES;
				GCC_WARN_64_TO_32_BIT_CONVERSION = YES;
				GCC_WARN_ABOUT_RETURN_TYPE = YES_ERROR;
				GCC_WARN_UNDECLARED_SELECTOR = YES;
				GCC_WARN_UNINITIALIZED_AUTOS = YES_AGGRESSIVE;
				GCC_WARN_UNUSED_FUNCTION = YES;
				GCC_WARN_UNUSED_VARIABLE = YES;
				IPHONEOS_DEPLOYMENT_TARGET = 13.0;
				MTL_ENABLE_DEBUG_INFO = NO;
				MTL_FAST_MATH = YES;
				SDKROOT = iphoneos;
				SWIFT_COMPILATION_MODE = wholemodule;
				SWIFT_OPTIMIZATION_LEVEL = "-O";
				SWIFT_VERSION = 5.0;
				VALIDATE_PRODUCT = YES;
			};
			name = Release;
		};
		799F10FC26900F85000E759E /* Debug */ = {
			isa = XCBuildConfiguration;
			buildSettings = {
				ASSETCATALOG_COMPILER_APPICON_NAME = AppIcon;
				ASSETCATALOG_COMPILER_GLOBAL_ACCENT_COLOR_NAME = AccentColor;
				CLANG_ENABLE_MODULES = YES;
				CODE_SIGN_STYLE = Automatic;
				DEVELOPMENT_TEAM = M273226BD7;
				INFOPLIST_FILE = "Ebook-Reader/Info.plist";
				LD_RUNPATH_SEARCH_PATHS = (
					"$(inherited)",
					"@executable_path/Frameworks",
				);
				PRODUCT_BUNDLE_IDENTIFIER = "com.pmquang.Ebook-Reader";
				PRODUCT_NAME = "$(TARGET_NAME)";
				SWIFT_OBJC_BRIDGING_HEADER = "Ebook-Reader/Views/CMTopTipView/Ebook-Reader-Bridging-Header.h";
				SWIFT_OPTIMIZATION_LEVEL = "-Onone";
				SWIFT_VERSION = 5.0;
				TARGETED_DEVICE_FAMILY = "1,2";
			};
			name = Debug;
		};
		799F10FD26900F85000E759E /* Release */ = {
			isa = XCBuildConfiguration;
			buildSettings = {
				ASSETCATALOG_COMPILER_APPICON_NAME = AppIcon;
				ASSETCATALOG_COMPILER_GLOBAL_ACCENT_COLOR_NAME = AccentColor;
				CLANG_ENABLE_MODULES = YES;
				CODE_SIGN_STYLE = Automatic;
				DEVELOPMENT_TEAM = M273226BD7;
				INFOPLIST_FILE = "Ebook-Reader/Info.plist";
				LD_RUNPATH_SEARCH_PATHS = (
					"$(inherited)",
					"@executable_path/Frameworks",
				);
				PRODUCT_BUNDLE_IDENTIFIER = "com.pmquang.Ebook-Reader";
				PRODUCT_NAME = "$(TARGET_NAME)";
				SWIFT_OBJC_BRIDGING_HEADER = "Ebook-Reader/Views/CMTopTipView/Ebook-Reader-Bridging-Header.h";
				SWIFT_VERSION = 5.0;
				TARGETED_DEVICE_FAMILY = "1,2";
			};
			name = Release;
		};
/* End XCBuildConfiguration section */

/* Begin XCConfigurationList section */
		799F10E226900F84000E759E /* Build configuration list for PBXProject "Ebook-Reader" */ = {
			isa = XCConfigurationList;
			buildConfigurations = (
				799F10F926900F85000E759E /* Debug */,
				799F10FA26900F85000E759E /* Release */,
			);
			defaultConfigurationIsVisible = 0;
			defaultConfigurationName = Release;
		};
		799F10FB26900F85000E759E /* Build configuration list for PBXNativeTarget "Ebook-Reader" */ = {
			isa = XCConfigurationList;
			buildConfigurations = (
				799F10FC26900F85000E759E /* Debug */,
				799F10FD26900F85000E759E /* Release */,
			);
			defaultConfigurationIsVisible = 0;
			defaultConfigurationName = Release;
		};
/* End XCConfigurationList section */

/* Begin XCRemoteSwiftPackageReference section */
		791BF70A2690AAD500D0438C /* XCRemoteSwiftPackageReference "ZipArchive" */ = {
			isa = XCRemoteSwiftPackageReference;
			repositoryURL = "https://github.com/ZipArchive/ZipArchive.git";
			requirement = {
				kind = upToNextMajorVersion;
				minimumVersion = 2.4.2;
			};
		};
		791BF70D2690AD1000D0438C /* XCRemoteSwiftPackageReference "DTCoreText" */ = {
			isa = XCRemoteSwiftPackageReference;
			repositoryURL = "https://github.com/Cocoanetics/DTCoreText.git";
			requirement = {
				kind = upToNextMajorVersion;
				minimumVersion = 1.6.26;
			};
		};
		799F10FE2690102F000E759E /* XCRemoteSwiftPackageReference "SnapKit" */ = {
			isa = XCRemoteSwiftPackageReference;
			repositoryURL = "https://github.com/SnapKit/SnapKit.git";
			requirement = {
				kind = upToNextMajorVersion;
				minimumVersion = 5.0.1;
			};
		};
		799F110426901232000E759E /* XCRemoteSwiftPackageReference "AEXML" */ = {
			isa = XCRemoteSwiftPackageReference;
			repositoryURL = "https://github.com/tadija/AEXML.git";
			requirement = {
				kind = upToNextMajorVersion;
				minimumVersion = 4.6.0;
			};
		};
		799F115C269049CD000E759E /* XCRemoteSwiftPackageReference "fmdb" */ = {
			isa = XCRemoteSwiftPackageReference;
			repositoryURL = "https://github.com/ccgus/fmdb";
			requirement = {
				kind = upToNextMajorVersion;
				minimumVersion = 2.7.7;
			};
		};
		799F116126904B2F000E759E /* XCRemoteSwiftPackageReference "PKHUD" */ = {
			isa = XCRemoteSwiftPackageReference;
			repositoryURL = "https://github.com/pkluz/PKHUD.git";
			requirement = {
				kind = upToNextMajorVersion;
				minimumVersion = 5.4.0;
			};
		};
		799F116426904C83000E759E /* XCRemoteSwiftPackageReference "Reachability" */ = {
			isa = XCRemoteSwiftPackageReference;
			repositoryURL = "https://github.com/ashleymills/Reachability.swift";
			requirement = {
				kind = upToNextMajorVersion;
				minimumVersion = 5.1.0;
			};
		};
		799F116926904F4A000E759E /* XCRemoteSwiftPackageReference "GCDWebServer" */ = {
			isa = XCRemoteSwiftPackageReference;
			repositoryURL = "https://github.com/nostradani/GCDWebServer.git";
			requirement = {
				branch = master;
				kind = branch;
			};
		};
/* End XCRemoteSwiftPackageReference section */

/* Begin XCSwiftPackageProductDependency section */
		791BF70B2690AAD500D0438C /* ZipArchive */ = {
			isa = XCSwiftPackageProductDependency;
			package = 791BF70A2690AAD500D0438C /* XCRemoteSwiftPackageReference "ZipArchive" */;
			productName = ZipArchive;
		};
		791BF70E2690AD1000D0438C /* DTCoreText */ = {
			isa = XCSwiftPackageProductDependency;
			package = 791BF70D2690AD1000D0438C /* XCRemoteSwiftPackageReference "DTCoreText" */;
			productName = DTCoreText;
		};
		799F10FF2690102F000E759E /* SnapKit */ = {
			isa = XCSwiftPackageProductDependency;
			package = 799F10FE2690102F000E759E /* XCRemoteSwiftPackageReference "SnapKit" */;
			productName = SnapKit;
		};
		799F110526901232000E759E /* AEXML */ = {
			isa = XCSwiftPackageProductDependency;
			package = 799F110426901232000E759E /* XCRemoteSwiftPackageReference "AEXML" */;
			productName = AEXML;
		};
		799F115D269049CD000E759E /* FMDB */ = {
			isa = XCSwiftPackageProductDependency;
			package = 799F115C269049CD000E759E /* XCRemoteSwiftPackageReference "fmdb" */;
			productName = FMDB;
		};
		799F116226904B2F000E759E /* PKHUD */ = {
			isa = XCSwiftPackageProductDependency;
			package = 799F116126904B2F000E759E /* XCRemoteSwiftPackageReference "PKHUD" */;
			productName = PKHUD;
		};
		799F116526904C83000E759E /* Reachability */ = {
			isa = XCSwiftPackageProductDependency;
			package = 799F116426904C83000E759E /* XCRemoteSwiftPackageReference "Reachability" */;
			productName = Reachability;
		};
		799F116A26904F4A000E759E /* GCDWebServers */ = {
			isa = XCSwiftPackageProductDependency;
			package = 799F116926904F4A000E759E /* XCRemoteSwiftPackageReference "GCDWebServer" */;
			productName = GCDWebServers;
		};
/* End XCSwiftPackageProductDependency section */
	};
	rootObject = 799F10DF26900F84000E759E /* Project object */;
}
